# This file is automatically @generated by Poetry 1.8.3 and should not be changed by hand.

[[package]]
name = "colorama"
version = "0.4.6"
description = "Cross-platform colored terminal text."
optional = false
python-versions = "!=3.0.*,!=3.1.*,!=3.2.*,!=3.3.*,!=3.4.*,!=3.5.*,!=3.6.*,>=2.7"
files = [
    {file = "colorama-0.4.6-py2.py3-none-any.whl", hash = "sha256:4f1d9991f5acc0ca119f9d443620b77f9d6b33703e51011c16baf57afb285fc6"},
    {file = "colorama-0.4.6.tar.gz", hash = "sha256:08695f5cb7ed6e0531a20572697297273c47b8cae5a63ffc6d6ed5c201be6e44"},
]

[[package]]
name = "exceptiongroup"
version = "1.2.2"
description = "Backport of PEP 654 (exception groups)"
optional = false
python-versions = ">=3.7"
files = [
    {file = "exceptiongroup-1.2.2-py3-none-any.whl", hash = "sha256:3111b9d131c238bec2f8f516e123e14ba243563fb135d3fe885990585aa7795b"},
    {file = "exceptiongroup-1.2.2.tar.gz", hash = "sha256:47c2edf7c6738fafb49fd34290706d1a1a2f4d1c6df275526b62cbb4aa5393cc"},
]

[package.extras]
test = ["pytest (>=6)"]

[[package]]
name = "execnet"
version = "2.1.1"
description = "execnet: rapid multi-Python deployment"
optional = false
python-versions = ">=3.8"
files = [
    {file = "execnet-2.1.1-py3-none-any.whl", hash = "sha256:26dee51f1b80cebd6d0ca8e74dd8745419761d3bef34163928cbebbdc4749fdc"},
    {file = "execnet-2.1.1.tar.gz", hash = "sha256:5189b52c6121c24feae288166ab41b32549c7e2348652736540b9e6e7d4e72e3"},
]

[package.extras]
testing = ["hatch", "pre-commit", "pytest", "tox"]

[[package]]
name = "iniconfig"
version = "2.0.0"
description = "brain-dead simple config-ini parsing"
optional = false
python-versions = ">=3.7"
files = [
    {file = "iniconfig-2.0.0-py3-none-any.whl", hash = "sha256:b6a85871a79d2e3b22d2d1b94ac2824226a63c6b741c88f7ae975f18b6778374"},
    {file = "iniconfig-2.0.0.tar.gz", hash = "sha256:2d91e135bf72d31a410b17c16da610a82cb55f6b0477d1a902134b24a455b8b3"},
]

[[package]]
name = "packaging"
version = "24.1"
description = "Core utilities for Python packages"
optional = false
python-versions = ">=3.8"
files = [
    {file = "packaging-24.1-py3-none-any.whl", hash = "sha256:5b8f2217dbdbd2f7f384c41c628544e6d52f2d0f53c6d0c3ea61aa5d1d7ff124"},
    {file = "packaging-24.1.tar.gz", hash = "sha256:026ed72c8ed3fcce5bf8950572258698927fd1dbda10a5e981cdf0ac37f4f002"},
]

[[package]]
name = "pluggy"
version = "1.5.0"
description = "plugin and hook calling mechanisms for python"
optional = false
python-versions = ">=3.8"
files = [
    {file = "pluggy-1.5.0-py3-none-any.whl", hash = "sha256:44e1ad92c8ca002de6377e165f3e0f1be63266ab4d554740532335b9d75ea669"},
    {file = "pluggy-1.5.0.tar.gz", hash = "sha256:2cffa88e94fdc978c4c574f15f9e59b7f4201d439195c3715ca9e2486f1d0cf1"},
]

[package.extras]
dev = ["pre-commit", "tox"]
testing = ["pytest", "pytest-benchmark"]

[[package]]
name = "psutil"
version = "6.0.0"
description = "Cross-platform lib for process and system monitoring in Python."
optional = false
python-versions = "!=3.0.*,!=3.1.*,!=3.2.*,!=3.3.*,!=3.4.*,!=3.5.*,>=2.7"
files = [
    {file = "psutil-6.0.0-cp27-cp27m-macosx_10_9_x86_64.whl", hash = "sha256:a021da3e881cd935e64a3d0a20983bda0bb4cf80e4f74fa9bfcb1bc5785360c6"},
    {file = "psutil-6.0.0-cp27-cp27m-manylinux2010_i686.whl", hash = "sha256:1287c2b95f1c0a364d23bc6f2ea2365a8d4d9b726a3be7294296ff7ba97c17f0"},
    {file = "psutil-6.0.0-cp27-cp27m-manylinux2010_x86_64.whl", hash = "sha256:a9a3dbfb4de4f18174528d87cc352d1f788b7496991cca33c6996f40c9e3c92c"},
    {file = "psutil-6.0.0-cp27-cp27mu-manylinux2010_i686.whl", hash = "sha256:6ec7588fb3ddaec7344a825afe298db83fe01bfaaab39155fa84cf1c0d6b13c3"},
    {file = "psutil-6.0.0-cp27-cp27mu-manylinux2010_x86_64.whl", hash = "sha256:1e7c870afcb7d91fdea2b37c24aeb08f98b6d67257a5cb0a8bc3ac68d0f1a68c"},
    {file = "psutil-6.0.0-cp27-none-win32.whl", hash = "sha256:02b69001f44cc73c1c5279d02b30a817e339ceb258ad75997325e0e6169d8b35"},
    {file = "psutil-6.0.0-cp27-none-win_amd64.whl", hash = "sha256:21f1fb635deccd510f69f485b87433460a603919b45e2a324ad65b0cc74f8fb1"},
    {file = "psutil-6.0.0-cp36-abi3-macosx_10_9_x86_64.whl", hash = "sha256:c588a7e9b1173b6e866756dde596fd4cad94f9399daf99ad8c3258b3cb2b47a0"},
    {file = "psutil-6.0.0-cp36-abi3-manylinux_2_12_i686.manylinux2010_i686.manylinux_2_17_i686.manylinux2014_i686.whl", hash = "sha256:6ed2440ada7ef7d0d608f20ad89a04ec47d2d3ab7190896cd62ca5fc4fe08bf0"},
    {file = "psutil-6.0.0-cp36-abi3-manylinux_2_12_x86_64.manylinux2010_x86_64.manylinux_2_17_x86_64.manylinux2014_x86_64.whl", hash = "sha256:5fd9a97c8e94059b0ef54a7d4baf13b405011176c3b6ff257c247cae0d560ecd"},
    {file = "psutil-6.0.0-cp36-abi3-manylinux_2_17_aarch64.manylinux2014_aarch64.whl", hash = "sha256:e2e8d0054fc88153ca0544f5c4d554d42e33df2e009c4ff42284ac9ebdef4132"},
    {file = "psutil-6.0.0-cp36-cp36m-win32.whl", hash = "sha256:fc8c9510cde0146432bbdb433322861ee8c3efbf8589865c8bf8d21cb30c4d14"},
    {file = "psutil-6.0.0-cp36-cp36m-win_amd64.whl", hash = "sha256:34859b8d8f423b86e4385ff3665d3f4d94be3cdf48221fbe476e883514fdb71c"},
    {file = "psutil-6.0.0-cp37-abi3-win32.whl", hash = "sha256:a495580d6bae27291324fe60cea0b5a7c23fa36a7cd35035a16d93bdcf076b9d"},
    {file = "psutil-6.0.0-cp37-abi3-win_amd64.whl", hash = "sha256:33ea5e1c975250a720b3a6609c490db40dae5d83a4eb315170c4fe0d8b1f34b3"},
    {file = "psutil-6.0.0-cp38-abi3-macosx_11_0_arm64.whl", hash = "sha256:ffe7fc9b6b36beadc8c322f84e1caff51e8703b88eee1da46d1e3a6ae11b4fd0"},
    {file = "psutil-6.0.0.tar.gz", hash = "sha256:8faae4f310b6d969fa26ca0545338b21f73c6b15db7c4a8d934a5482faa818f2"},
]

[package.extras]
test = ["enum34", "ipaddress", "mock", "pywin32", "wmi"]

[[package]]
name = "py"
version = "1.11.0"
description = "library with cross-python path, ini-parsing, io, code, log facilities"
optional = false
python-versions = ">=2.7, !=3.0.*, !=3.1.*, !=3.2.*, !=3.3.*, !=3.4.*"
files = [
    {file = "py-1.11.0-py2.py3-none-any.whl", hash = "sha256:607c53218732647dff4acdfcd50cb62615cedf612e72d1724fb1a0cc6405b378"},
    {file = "py-1.11.0.tar.gz", hash = "sha256:51c75c4126074b472f746a24399ad32f6053d1b34b68d2fa41e558e6f4a98719"},
]

[[package]]
name = "pyjnius"
version = "1.6.1"
description = "A Python module to access Java classes as Python classes using JNI."
optional = false
python-versions = "*"
files = [
    {file = "pyjnius-1.6.1-cp310-cp310-macosx_10_9_universal2.whl", hash = "sha256:ff6d71b847620d6a7de33a8acaa53671003c235dc881413d3faa11bc8e075c40"},
    {file = "pyjnius-1.6.1-cp310-cp310-macosx_10_9_x86_64.whl", hash = "sha256:061dd84a28695e750c809d2979fe3dabf9d4407b2240c2a06289755da3524bd9"},
    {file = "pyjnius-1.6.1-cp310-cp310-manylinux_2_17_aarch64.manylinux2014_aarch64.whl", hash = "sha256:be215ef25bf2e5484e00ba27e7a7256bbedee1ad0e3213d3cffb748b8abffe20"},
    {file = "pyjnius-1.6.1-cp310-cp310-manylinux_2_17_x86_64.manylinux2014_x86_64.whl", hash = "sha256:1d790bf3a5d30aa25757b98bc841a7bcb87c752ad6bea85a439f1582f884fa01"},
    {file = "pyjnius-1.6.1-cp310-cp310-win32.whl", hash = "sha256:cc33abad31b7dd0035b12adc9e02674d1dd299adc6b2028bdc7b998684109158"},
    {file = "pyjnius-1.6.1-cp310-cp310-win_amd64.whl", hash = "sha256:4021629d8d53e615b244666a92e733cbcfaa82955bee4887df42282c8a4aa46e"},
    {file = "pyjnius-1.6.1-cp311-cp311-macosx_10_9_universal2.whl", hash = "sha256:2fc1ff1dc5dc93ee0adcb0a3f9194d9a824aeacefb0ee738c6d121964c6585f2"},
    {file = "pyjnius-1.6.1-cp311-cp311-macosx_10_9_x86_64.whl", hash = "sha256:4359f42d907f8b971a676f2d1406ce41b1ba3c810c5770d640037d4addc5176e"},
    {file = "pyjnius-1.6.1-cp311-cp311-manylinux_2_17_aarch64.manylinux2014_aarch64.whl", hash = "sha256:88dcb79d0ebc80ab74c1e6d37a0ffc9139521ff12eff1d5b2219be199f65536a"},
    {file = "pyjnius-1.6.1-cp311-cp311-manylinux_2_17_x86_64.manylinux2014_x86_64.whl", hash = "sha256:0a32df745d40fd80c0c6e6c12417fa86d435ac23c1236d030365cababcf9981d"},
    {file = "pyjnius-1.6.1-cp311-cp311-win32.whl", hash = "sha256:c55837b1eaef929c2b1721388bdb51290893766e11442ed611776701c9266f15"},
    {file = "pyjnius-1.6.1-cp311-cp311-win_amd64.whl", hash = "sha256:97b8c8faf16a4f1ac82cc89ca59c65a43d6a796b92884540c5627db2e54a962a"},
    {file = "pyjnius-1.6.1-cp312-cp312-macosx_10_9_universal2.whl", hash = "sha256:8e77043544febb3a37e5498477755195d7538b47b63b1d62a9ee7060ff0d8697"},
    {file = "pyjnius-1.6.1-cp312-cp312-macosx_10_9_x86_64.whl", hash = "sha256:9f3775bda5275773b3e27a682220ddb8a9c649ab097c85798a366e7d4b8b709b"},
    {file = "pyjnius-1.6.1-cp312-cp312-manylinux_2_17_aarch64.manylinux2014_aarch64.whl", hash = "sha256:e5cb3fb92898d6f2a1eeff348b71e80c001ef8594682273d45ca7b629877efda"},
    {file = "pyjnius-1.6.1-cp312-cp312-manylinux_2_17_x86_64.manylinux2014_x86_64.whl", hash = "sha256:a90b68fb53c4f9a0d1919903deed3bf5def72c355e38c5c07f545e72001d1c4c"},
    {file = "pyjnius-1.6.1-cp312-cp312-win32.whl", hash = "sha256:7199809fd3114db4942e560ac000ed8ecc4cdf2e115ef551012cd3d0b1af3a0a"},
    {file = "pyjnius-1.6.1-cp312-cp312-win_amd64.whl", hash = "sha256:0e0da04b08c61c2b59cd1670d743c7867f31d6c6a45c8ca5f90657da88d48fd9"},
    {file = "pyjnius-1.6.1-cp37-cp37m-macosx_10_9_x86_64.whl", hash = "sha256:ab4c0ff95e09b971bf233542bd350303a39306170f3b3f6cc979cc98abb96ae2"},
    {file = "pyjnius-1.6.1-cp37-cp37m-manylinux_2_17_aarch64.manylinux2014_aarch64.whl", hash = "sha256:761f174b2d4f452f6b7d0c7011959f806bc7af78ec934ca64c0d15d3aac88984"},
    {file = "pyjnius-1.6.1-cp37-cp37m-manylinux_2_17_x86_64.manylinux2014_x86_64.whl", hash = "sha256:54593442f9703836a045a172041bb7c56fbd96d0dca5bab9e77573e78fb7c08c"},
    {file = "pyjnius-1.6.1-cp37-cp37m-win32.whl", hash = "sha256:0df35edecabd4889c84053476ffeb569fc25365905c2044f19522c0f2e557075"},
    {file = "pyjnius-1.6.1-cp37-cp37m-win_amd64.whl", hash = "sha256:eecfd0b9c5e03d05433877e6e3243c145e029b5d62bc37eb799798de4950308e"},
    {file = "pyjnius-1.6.1-cp38-cp38-macosx_10_9_universal2.whl", hash = "sha256:a13cf7fff029cb54f8dfb2605b2f427a3ced0783abe8dc66a35d62d8d2baaac7"},
    {file = "pyjnius-1.6.1-cp38-cp38-macosx_10_9_x86_64.whl", hash = "sha256:6f4ab7609d68872092083740bb3ce00b8e0c93fc0b5066a6e4a93dab7e43320d"},
    {file = "pyjnius-1.6.1-cp38-cp38-manylinux_2_17_aarch64.manylinux2014_aarch64.whl", hash = "sha256:6b15a05b3dc1c261761a2cff8d8f02f8f3b4cfea3a250b85e455c53b55cbf2bd"},
    {file = "pyjnius-1.6.1-cp38-cp38-manylinux_2_17_x86_64.manylinux2014_x86_64.whl", hash = "sha256:361c26a86dbd06e21e24c987fe1ea9bc7ea69f9459f76104ed4265dc04a6774c"},
    {file = "pyjnius-1.6.1-cp38-cp38-win32.whl", hash = "sha256:60669194242013455cc54a49c165f230e240c5334b7aec29471fd9be53eb01e8"},
    {file = "pyjnius-1.6.1-cp38-cp38-win_amd64.whl", hash = "sha256:4da5ce988706d48ec844d45a9d84a47c717d40e5eff03f757678838fd71a75e8"},
    {file = "pyjnius-1.6.1-cp39-cp39-macosx_10_9_universal2.whl", hash = "sha256:b9cd218a3d94f33f2b05176458412edeae5b674a4c3fc58db00ab81746a025e2"},
    {file = "pyjnius-1.6.1-cp39-cp39-macosx_10_9_x86_64.whl", hash = "sha256:a56bee308898feb06bbb1b81feeabed7c9fc85a4d92ee92585fabc5895a29c11"},
    {file = "pyjnius-1.6.1-cp39-cp39-manylinux_2_17_aarch64.manylinux2014_aarch64.whl", hash = "sha256:9b6fa140e1a5dae2658b170e39325b43275852aa263e94b87c89748d07ca5c57"},
    {file = "pyjnius-1.6.1-cp39-cp39-manylinux_2_17_x86_64.manylinux2014_x86_64.whl", hash = "sha256:7f3ee60508991069f45ba75d65e4a6650c05739c64943bf3702485672f4d8f22"},
    {file = "pyjnius-1.6.1-cp39-cp39-win32.whl", hash = "sha256:ed5e19b216e01fb511a75b1ce97b48f710552f7f1269f1c0d85fef84cb6935bd"},
    {file = "pyjnius-1.6.1-cp39-cp39-win_amd64.whl", hash = "sha256:e20a49820ca0b0ebef03b710ecc6f03e91847c7b08612fc87f88293b7f73e797"},
    {file = "pyjnius-1.6.1-pp310-pypy310_pp73-macosx_10_9_x86_64.whl", hash = "sha256:26893e4ef5a5d21393ceab61d03ad02d03cf8d4c3177c262d48853186b5512df"},
    {file = "pyjnius-1.6.1-pp310-pypy310_pp73-manylinux_2_17_aarch64.manylinux2014_aarch64.whl", hash = "sha256:133ddedf0a88dae1b11a0e4ad36336794e38f190bde7c73f7621cbd21ad22700"},
    {file = "pyjnius-1.6.1-pp310-pypy310_pp73-manylinux_2_17_x86_64.manylinux2014_x86_64.whl", hash = "sha256:55820ca521795454afa1f855ecad28648f440dcf70a4f188adffedb35c50e920"},
    {file = "pyjnius-1.6.1-pp310-pypy310_pp73-win_amd64.whl", hash = "sha256:d9d75c37de19b43a7b33b3f965bd5206c6d5b9999de85d40797a4e46e48cd717"},
    {file = "pyjnius-1.6.1-pp37-pypy37_pp73-macosx_10_9_x86_64.whl", hash = "sha256:5d761e1c500fe777e184ec88826535099b6fb8c2f3aedfe4cf7c3c0a009f4f60"},
    {file = "pyjnius-1.6.1-pp37-pypy37_pp73-manylinux_2_17_aarch64.manylinux2014_aarch64.whl", hash = "sha256:445e8df7906ecebfc0ae273e5657a004a1ff229131439aed0a70087234aad082"},
    {file = "pyjnius-1.6.1-pp37-pypy37_pp73-manylinux_2_17_x86_64.manylinux2014_x86_64.whl", hash = "sha256:095b9289805ee58c92a54225d1d8678e3226dd2bd077e86bb9b33191ee316573"},
    {file = "pyjnius-1.6.1-pp37-pypy37_pp73-win_amd64.whl", hash = "sha256:aac6abc5deec53f4b434358267126da78bebd43c1a442ba4f65db98a3bf5064b"},
    {file = "pyjnius-1.6.1-pp38-pypy38_pp73-macosx_10_9_x86_64.whl", hash = "sha256:e2477b8d302e52bfdbbfd43354fb35741fbca1b55914a1377803a8079953eefc"},
    {file = "pyjnius-1.6.1-pp38-pypy38_pp73-manylinux_2_17_aarch64.manylinux2014_aarch64.whl", hash = "sha256:5eb16f9583cba038898bff21846034766c3882066747b8f2f1cbbf3871fb2e5d"},
    {file = "pyjnius-1.6.1-pp38-pypy38_pp73-manylinux_2_17_x86_64.manylinux2014_x86_64.whl", hash = "sha256:1e92fc8ca421cfa9e2f3ba1ad6b450c6ec47d7b2e1f7c349143511d40fbf3ed3"},
    {file = "pyjnius-1.6.1-pp38-pypy38_pp73-win_amd64.whl", hash = "sha256:b7c2eb6b17d009939c580a98b2abf70aebea0d25c74517cc738ecf6be4263bc4"},
    {file = "pyjnius-1.6.1-pp39-pypy39_pp73-macosx_10_9_x86_64.whl", hash = "sha256:cf08dc6579a14b212b2d4f51a6cb6fcfd7154f305672db6d1ae42b07e520dd45"},
    {file = "pyjnius-1.6.1-pp39-pypy39_pp73-manylinux_2_17_aarch64.manylinux2014_aarch64.whl", hash = "sha256:f39a09aac5b2dd9b6448cd8233a2c072da3616048525977ae683f943834ce553"},
    {file = "pyjnius-1.6.1-pp39-pypy39_pp73-manylinux_2_17_x86_64.manylinux2014_x86_64.whl", hash = "sha256:06621ba1e21e7c97b70c6861a3885780e0ebe95cecd111d53da5c6ce70bcd60d"},
    {file = "pyjnius-1.6.1-pp39-pypy39_pp73-win_amd64.whl", hash = "sha256:edaf12697c7d0efbb2060f2d9b2a64bacb81846cdc0a0a33551990a5123d8ecb"},
    {file = "pyjnius-1.6.1.tar.gz", hash = "sha256:d2a7ece6ed79bf1d7f97a4f6d61302d9f1d7652182a3e4c8a69dbaef31396e60"},
]

[package.extras]
ci = ["coveralls", "pytest-rerunfailures"]
dev = ["pycodestyle", "pytest", "pytest-cov"]

[[package]]
name = "pytest"
version = "8.3.2"
description = "pytest: simple powerful testing with Python"
optional = false
python-versions = ">=3.8"
files = [
    {file = "pytest-8.3.2-py3-none-any.whl", hash = "sha256:4ba08f9ae7dcf84ded419494d229b48d0903ea6407b030eaec46df5e6a73bba5"},
    {file = "pytest-8.3.2.tar.gz", hash = "sha256:c132345d12ce551242c87269de812483f5bcc87cdbb4722e48487ba194f9fdce"},
]

[package.dependencies]
colorama = {version = "*", markers = "sys_platform == \"win32\""}
exceptiongroup = {version = ">=1.0.0rc8", markers = "python_version < \"3.11\""}
iniconfig = "*"
packaging = "*"
pluggy = ">=1.5,<2"
tomli = {version = ">=1", markers = "python_version < \"3.11\""}

[package.extras]
dev = ["argcomplete", "attrs (>=19.2)", "hypothesis (>=3.56)", "mock", "pygments (>=2.7.2)", "requests", "setuptools", "xmlschema"]

[[package]]
name = "pytest-forked"
version = "1.6.0"
description = "run tests in isolated forked subprocesses"
optional = false
python-versions = ">=3.7"
files = [
    {file = "pytest-forked-1.6.0.tar.gz", hash = "sha256:4dafd46a9a600f65d822b8f605133ecf5b3e1941ebb3588e943b4e3eb71a5a3f"},
    {file = "pytest_forked-1.6.0-py3-none-any.whl", hash = "sha256:810958f66a91afb1a1e2ae83089d8dc1cd2437ac96b12963042fbb9fb4d16af0"},
]

[package.dependencies]
py = "*"
pytest = ">=3.10"

[[package]]
name = "pytest-xdist"
version = "3.6.1"
description = "pytest xdist plugin for distributed testing, most importantly across multiple CPUs"
optional = false
python-versions = ">=3.8"
files = [
    {file = "pytest_xdist-3.6.1-py3-none-any.whl", hash = "sha256:9ed4adfb68a016610848639bb7e02c9352d5d9f03d04809919e2dafc3be4cca7"},
    {file = "pytest_xdist-3.6.1.tar.gz", hash = "sha256:ead156a4db231eec769737f57668ef58a2084a34b2e55c4a8fa20d861107300d"},
]

[package.dependencies]
execnet = ">=2.1"
pytest = ">=7.0.0"

[package.extras]
psutil = ["psutil (>=3.0)"]
setproctitle = ["setproctitle"]
testing = ["filelock"]

[[package]]
name = "tomli"
version = "2.0.1"
description = "A lil' TOML parser"
optional = false
python-versions = ">=3.7"
files = [
    {file = "tomli-2.0.1-py3-none-any.whl", hash = "sha256:939de3e7a6161af0c887ef91b7d41a53e7c5a1ca976325f429cb46ea9bc30ecc"},
    {file = "tomli-2.0.1.tar.gz", hash = "sha256:de526c12914f0c550d15924c62d72abc48d6fe7364aa87328337a31007fe8a4f"},
]

[metadata]
lock-version = "2.0"
python-versions = "^3.8"
content-hash = "dcd4f2b44d2d70a45e9559ce1b7246a52129be14aebed2e933db30b3a96abfeb"
